{
  "name": "WebApp Lokceriot",
  "lockfileVersion": 2,
  "requires": true,
  "packages": {
    "": {
      "dependencies": {
        "riot": "^7.1.0"
      }
    },
    "node_modules/riot": {
      "version": "7.1.0",
      "resolved": "https://registry.npmjs.org/riot/-/riot-7.1.0.tgz",
      "integrity": "sha512-gryeKYzil9eyETv8b1Dh+BFdkzS41XQegOSQoFI8GCzxSPm3YA5QA0NVZn5SE2iyVgBrttaIn6cK9yVUI/Iu3A==",
      "engines": {
        "node": ">=12.0.0"
      }
    }
  },
  "dependencies": {
    "riot": {
      "version": "7.1.0",
      "resolved": "https://registry.npmjs.org/riot/-/riot-7.1.0.tgz",
      "integrity": "sha512-gryeKYzil9eyETv8b1Dh+BFdkzS41XQegOSQoFI8GCzxSPm3YA5QA0NVZn5SE2iyVgBrttaIn6cK9yVUI/Iu3A=="
    }
  }
}
